
Microsoft Visual Studio Solution File, Format Version 12.00
# Visual Studio 15
Project("{FAE04EC0-301F-11D3-BF4B-00C04F79EFBC}") = "Assembly-CSharp", "Assembly-CSharp.csproj", "{A7E6601D-3704-7906-6F29-4A86DE1441FB}"
EndProject
Global
	GlobalSection(SolutionConfigurationPlatforms) = preSolution
		Debug|Any CPU = Debug|Any CPU
		Release|Any CPU = Release|Any CPU
	EndGlobalSection
	GlobalSection(ProjectConfigurationPlatforms) = postSolution
		{A7E6601D-3704-7906-6F29-4A86DE1441FB}.Debug|Any CPU.ActiveCfg = Debug|Any CPU
		{A7E6601D-3704-7906-6F29-4A86DE1441FB}.Debug|Any CPU.Build.0 = Debug|Any CPU
		{A7E6601D-3704-7906-6F29-4A86DE1441FB}.Release|Any CPU.ActiveCfg = Release|Any CPU
		{A7E6601D-3704-7906-6F29-4A86DE1441FB}.Release|Any CPU.Build.0 = Release|Any CPU
	EndGlobalSection
	GlobalSection(SolutionProperties) = preSolution
		HideSolutionNode = FALSE
	EndGlobalSection
EndGlobal
